
Microsoft Visual Studio Solution File, Format Version 12.00
Project("{2150E333-8FDC-42A3-9474-1A3956D46DE8}") = "Infrastructure", "Infrastructure", "{53AD2C77-9597-4144-9CB2-F26EE4708C83}"
EndProject
Project("{FAE04EC0-301F-11D3-BF4B-00C04F79EFBC}") = "IStore.Identity", "IStore.Identity\IStore.Identity.csproj", "{6CA3BA07-E50F-4CBF-B63E-2CC946763B5C}"
EndProject
Project("{2150E333-8FDC-42A3-9474-1A3956D46DE8}") = "src", "src", "{185048F6-4887-418F-9A23-FB57450E95A7}"
EndProject
Project("{2150E333-8FDC-42A3-9474-1A3956D46DE8}") = "Core", "Core", "{3F74C1B2-72FB-4269-A800-234B61CBC842}"
EndProject
Project("{2150E333-8FDC-42A3-9474-1A3956D46DE8}") = "API", "API", "{F64D3604-9772-420C-886F-8852C36320FB}"
EndProject
Project("{FAE04EC0-301F-11D3-BF4B-00C04F79EFBC}") = "IStore.API", "IStore.API\IStore.API.csproj", "{6B827850-6324-427F-BA0B-499E16DDBE4F}"
EndProject
Project("{FAE04EC0-301F-11D3-BF4B-00C04F79EFBC}") = "IStore.Application", "IStore.Application\IStore.Application.csproj", "{64A012D2-DACE-443F-8B1A-CED60B2868B1}"
EndProject
Project("{FAE04EC0-301F-11D3-BF4B-00C04F79EFBC}") = "IStore.Infrastructure", "IStore.Infrastructure\IStore.Infrastructure.csproj", "{1911B68E-1B50-46A0-8EFF-EB2985507483}"
EndProject
Project("{FAE04EC0-301F-11D3-BF4B-00C04F79EFBC}") = "IStore.Domain", "IStore.Domain\IStore.Domain.csproj", "{73F4B4EE-CCF8-4B99-9349-9B5D708EE944}"
EndProject
Project("{FAE04EC0-301F-11D3-BF4B-00C04F79EFBC}") = "IStore.Persistence", "IStore.Persistence\IStore.Persistence.csproj", "{BF78C2B9-A215-4143-A81E-F8DED45FFFFA}"
EndProject
Global
	GlobalSection(SolutionConfigurationPlatforms) = preSolution
		Debug|Any CPU = Debug|Any CPU
		Release|Any CPU = Release|Any CPU
	EndGlobalSection
	GlobalSection(NestedProjects) = preSolution
		{6CA3BA07-E50F-4CBF-B63E-2CC946763B5C} = {53AD2C77-9597-4144-9CB2-F26EE4708C83}
		{53AD2C77-9597-4144-9CB2-F26EE4708C83} = {185048F6-4887-418F-9A23-FB57450E95A7}
		{3F74C1B2-72FB-4269-A800-234B61CBC842} = {185048F6-4887-418F-9A23-FB57450E95A7}
		{F64D3604-9772-420C-886F-8852C36320FB} = {185048F6-4887-418F-9A23-FB57450E95A7}
		{6B827850-6324-427F-BA0B-499E16DDBE4F} = {F64D3604-9772-420C-886F-8852C36320FB}
		{64A012D2-DACE-443F-8B1A-CED60B2868B1} = {3F74C1B2-72FB-4269-A800-234B61CBC842}
		{1911B68E-1B50-46A0-8EFF-EB2985507483} = {53AD2C77-9597-4144-9CB2-F26EE4708C83}
		{73F4B4EE-CCF8-4B99-9349-9B5D708EE944} = {3F74C1B2-72FB-4269-A800-234B61CBC842}
		{BF78C2B9-A215-4143-A81E-F8DED45FFFFA} = {53AD2C77-9597-4144-9CB2-F26EE4708C83}
	EndGlobalSection
	GlobalSection(ProjectConfigurationPlatforms) = postSolution
		{6CA3BA07-E50F-4CBF-B63E-2CC946763B5C}.Debug|Any CPU.ActiveCfg = Debug|Any CPU
		{6CA3BA07-E50F-4CBF-B63E-2CC946763B5C}.Debug|Any CPU.Build.0 = Debug|Any CPU
		{6CA3BA07-E50F-4CBF-B63E-2CC946763B5C}.Release|Any CPU.ActiveCfg = Release|Any CPU
		{6CA3BA07-E50F-4CBF-B63E-2CC946763B5C}.Release|Any CPU.Build.0 = Release|Any CPU
		{6B827850-6324-427F-BA0B-499E16DDBE4F}.Debug|Any CPU.ActiveCfg = Debug|Any CPU
		{6B827850-6324-427F-BA0B-499E16DDBE4F}.Debug|Any CPU.Build.0 = Debug|Any CPU
		{6B827850-6324-427F-BA0B-499E16DDBE4F}.Release|Any CPU.ActiveCfg = Release|Any CPU
		{6B827850-6324-427F-BA0B-499E16DDBE4F}.Release|Any CPU.Build.0 = Release|Any CPU
		{64A012D2-DACE-443F-8B1A-CED60B2868B1}.Debug|Any CPU.ActiveCfg = Debug|Any CPU
		{64A012D2-DACE-443F-8B1A-CED60B2868B1}.Debug|Any CPU.Build.0 = Debug|Any CPU
		{64A012D2-DACE-443F-8B1A-CED60B2868B1}.Release|Any CPU.ActiveCfg = Release|Any CPU
		{64A012D2-DACE-443F-8B1A-CED60B2868B1}.Release|Any CPU.Build.0 = Release|Any CPU
		{1911B68E-1B50-46A0-8EFF-EB2985507483}.Debug|Any CPU.ActiveCfg = Debug|Any CPU
		{1911B68E-1B50-46A0-8EFF-EB2985507483}.Debug|Any CPU.Build.0 = Debug|Any CPU
		{1911B68E-1B50-46A0-8EFF-EB2985507483}.Release|Any CPU.ActiveCfg = Release|Any CPU
		{1911B68E-1B50-46A0-8EFF-EB2985507483}.Release|Any CPU.Build.0 = Release|Any CPU
		{73F4B4EE-CCF8-4B99-9349-9B5D708EE944}.Debug|Any CPU.ActiveCfg = Debug|Any CPU
		{73F4B4EE-CCF8-4B99-9349-9B5D708EE944}.Debug|Any CPU.Build.0 = Debug|Any CPU
		{73F4B4EE-CCF8-4B99-9349-9B5D708EE944}.Release|Any CPU.ActiveCfg = Release|Any CPU
		{73F4B4EE-CCF8-4B99-9349-9B5D708EE944}.Release|Any CPU.Build.0 = Release|Any CPU
		{BF78C2B9-A215-4143-A81E-F8DED45FFFFA}.Debug|Any CPU.ActiveCfg = Debug|Any CPU
		{BF78C2B9-A215-4143-A81E-F8DED45FFFFA}.Debug|Any CPU.Build.0 = Debug|Any CPU
		{BF78C2B9-A215-4143-A81E-F8DED45FFFFA}.Release|Any CPU.ActiveCfg = Release|Any CPU
		{BF78C2B9-A215-4143-A81E-F8DED45FFFFA}.Release|Any CPU.Build.0 = Release|Any CPU
	EndGlobalSection
EndGlobal
